
Microsoft Visual Studio Solution File, Format Version 12.00
# Visual Studio Version 16
VisualStudioVersion = 16.0.32802.440
MinimumVisualStudioVersion = 10.0.40219.1
Project("{FAE04EC0-301F-11D3-BF4B-00C04F79EFBC}") = "Bohemian_API", "Bohemian_API\Bohemian_API.csproj", "{B6049FB2-3228-4645-99B2-D6E43B4D1340}"
EndProject
Global
	GlobalSection(SolutionConfigurationPlatforms) = preSolution
		Debug|Any CPU = Debug|Any CPU
		Release|Any CPU = Release|Any CPU
	EndGlobalSection
	GlobalSection(ProjectConfigurationPlatforms) = postSolution
		{B6049FB2-3228-4645-99B2-D6E43B4D1340}.Debug|Any CPU.ActiveCfg = Debug|Any CPU
		{B6049FB2-3228-4645-99B2-D6E43B4D1340}.Debug|Any CPU.Build.0 = Debug|Any CPU
		{B6049FB2-3228-4645-99B2-D6E43B4D1340}.Release|Any CPU.ActiveCfg = Release|Any CPU
		{B6049FB2-3228-4645-99B2-D6E43B4D1340}.Release|Any CPU.Build.0 = Release|Any CPU
	EndGlobalSection
	GlobalSection(SolutionProperties) = preSolution
		HideSolutionNode = FALSE
	EndGlobalSection
	GlobalSection(ExtensibilityGlobals) = postSolution
		SolutionGuid = {2A03BF00-62F9-4286-9F24-5EA2521C73A5}
	EndGlobalSection
EndGlobal
